
Microsoft Visual Studio Solution File, Format Version 12.00
# Visual Studio Version 17
VisualStudioVersion = 17.3.32819.101
MinimumVisualStudioVersion = 10.0.40219.1
Project("{9A19103F-16F7-4668-BE54-9A1E7A4F7556}") = "HomeWork", "HomeWork\HomeWork.csproj", "{21AE1CF6-3F08-4973-BA4B-502D79C7EC76}"
EndProject
Global
	GlobalSection(SolutionConfigurationPlatforms) = preSolution
		Debug|Any CPU = Debug|Any CPU
		Release|Any CPU = Release|Any CPU
	EndGlobalSection
	GlobalSection(ProjectConfigurationPlatforms) = postSolution
		{21AE1CF6-3F08-4973-BA4B-502D79C7EC76}.Debug|Any CPU.ActiveCfg = Debug|Any CPU
		{21AE1CF6-3F08-4973-BA4B-502D79C7EC76}.Debug|Any CPU.Build.0 = Debug|Any CPU
		{21AE1CF6-3F08-4973-BA4B-502D79C7EC76}.Release|Any CPU.ActiveCfg = Release|Any CPU
		{21AE1CF6-3F08-4973-BA4B-502D79C7EC76}.Release|Any CPU.Build.0 = Release|Any CPU
	EndGlobalSection
	GlobalSection(SolutionProperties) = preSolution
		HideSolutionNode = FALSE
	EndGlobalSection
	GlobalSection(ExtensibilityGlobals) = postSolution
		SolutionGuid = {B7C7BB17-47B4-4301-A29E-035FD11AD536}
	EndGlobalSection
EndGlobal
